
Microsoft Visual Studio Solution File, Format Version 12.00
# Visual Studio Version 16
VisualStudioVersion = 16.0.30804.86
MinimumVisualStudioVersion = 10.0.40219.1
Project("{FAE04EC0-301F-11D3-BF4B-00C04F79EFBC}") = "Nidly", "Nidly\Nidly.csproj", "{79D00F29-06DA-444D-A033-C599693CC260}"
EndProject
Global
	GlobalSection(SolutionConfigurationPlatforms) = preSolution
		Debug|Any CPU = Debug|Any CPU
		Release|Any CPU = Release|Any CPU
	EndGlobalSection
	GlobalSection(ProjectConfigurationPlatforms) = postSolution
		{79D00F29-06DA-444D-A033-C599693CC260}.Debug|Any CPU.ActiveCfg = Debug|Any CPU
		{79D00F29-06DA-444D-A033-C599693CC260}.Debug|Any CPU.Build.0 = Debug|Any CPU
		{79D00F29-06DA-444D-A033-C599693CC260}.Release|Any CPU.ActiveCfg = Release|Any CPU
		{79D00F29-06DA-444D-A033-C599693CC260}.Release|Any CPU.Build.0 = Release|Any CPU
	EndGlobalSection
	GlobalSection(SolutionProperties) = preSolution
		HideSolutionNode = FALSE
	EndGlobalSection
	GlobalSection(ExtensibilityGlobals) = postSolution
		SolutionGuid = {7BBD4CA6-E63C-4CCA-B647-94028FFD53FC}
	EndGlobalSection
EndGlobal
